{
  "nodes": {
    "bundlers": {
      "inputs": {
        "nix-bundle": "nix-bundle",
        "nix-utils": "nix-utils",
        "nixpkgs": "nixpkgs_3"
      },
      "locked": {
        "lastModified": 1672257746,
        "narHash": "sha256-uVVAUIxGPnNKv0pIhmjxlHZ78dFAlQh4gMNoT2iDJko=",
        "owner": "NixOS",
        "repo": "bundlers",
        "rev": "3476034902f2d1dbf3021acd6d883fb39b217697",
        "type": "github"
      },
      "original": {
        "id": "bundlers",
        "type": "indirect"
      }
    },
    "flake-compat": {
      "flake": false,
      "locked": {
        "lastModified": 1673956053,
        "narHash": "sha256-4gtG9iQuiKITOjNQQeQIpoIB6b16fm+504Ch3sNKLd8=",
        "owner": "edolstra",
        "repo": "flake-compat",
        "rev": "35bb57c0c8d8b62bbfd284272c928ceb64ddbde9",
        "type": "github"
      },
      "original": {
        "owner": "edolstra",
        "repo": "flake-compat",
        "type": "github"
      }
    },
    "flake-utils": {
      "locked": {
        "lastModified": 1623875721,
        "narHash": "sha256-A8BU7bjS5GirpAUv4QA+QnJ4CceLHkcXdRp4xITDB0s=",
        "owner": "numtide",
        "repo": "flake-utils",
        "rev": "f7e004a55b120c02ecb6219596820fcd32ca8772",
        "type": "github"
      },
      "original": {
        "owner": "numtide",
        "repo": "flake-utils",
        "type": "github"
      }
    },
    "flake-utils_2": {
      "locked": {
        "lastModified": 1667395993,
        "narHash": "sha256-nuEHfE/LcWyuSWnS8t12N1wc105Qtau+/OdUAjtQ0rA=",
        "owner": "numtide",
        "repo": "flake-utils",
        "rev": "5aed5285a952e0b949eb3ba02c12fa4fcfef535f",
        "type": "github"
      },
      "original": {
        "id": "flake-utils",
        "type": "indirect"
      }
    },
    "nix-bundle": {
      "inputs": {
        "nixpkgs": "nixpkgs"
      },
      "locked": {
        "lastModified": 1626704917,
        "narHash": "sha256-cJ73kxY5ZCPWQeQZyCSdvkBqjqJkU5wgETBNaXfqF18=",
        "owner": "matthewbauer",
        "repo": "nix-bundle",
        "rev": "223f4ffc4179aa318c34dc873a08cb00090db829",
        "type": "github"
      },
      "original": {
        "owner": "matthewbauer",
        "repo": "nix-bundle",
        "type": "github"
      }
    },
    "nix-utils": {
      "inputs": {
        "flake-utils": "flake-utils",
        "nixpkgs": "nixpkgs_2"
      },
      "locked": {
        "lastModified": 1632973430,
        "narHash": "sha256-9G8zo+0nfYAALV5umCyQR/2hVUFNH10JropBkyxZGGw=",
        "owner": "juliosueiras-nix",
        "repo": "nix-utils",
        "rev": "b44e1ffd726aa03056db9df469efb497d8b9871b",
        "type": "github"
      },
      "original": {
        "owner": "juliosueiras-nix",
        "repo": "nix-utils",
        "type": "github"
      }
    },
    "nixGL-src": {
      "flake": false,
      "locked": {
        "lastModified": 1633350348,
        "narHash": "sha256-rfA7lqV+cR3bQt4lT2F+6qrIzJSPloJaGVATR9u+5yY=",
        "owner": "guibou",
        "repo": "nixGL",
        "rev": "c4aa5aa15af5d75e2f614a70063a2d341e8e3461",
        "type": "github"
      },
      "original": {
        "owner": "guibou",
        "repo": "nixGL",
        "type": "github"
      }
    },
    "nixpkgs": {
      "locked": {
        "lastModified": 1620055814,
        "narHash": "sha256-8LEHoYSJiL901bTMVatq+rf8y7QtWuZhwwpKE2fyaRY=",
        "owner": "NixOS",
        "repo": "nixpkgs",
        "rev": "1db42b7fe3878f3f5f7a4f2dc210772fd080e205",
        "type": "github"
      },
      "original": {
        "id": "nixpkgs",
        "ref": "nixos-20.03-small",
        "type": "indirect"
      }
    },
    "nixpkgs_2": {
      "locked": {
        "lastModified": 1629252929,
        "narHash": "sha256-Aj20gmGBs8TG7pyaQqgbsqAQ6cB+TVuL18Pk3DPBxcQ=",
        "owner": "nixos",
        "repo": "nixpkgs",
        "rev": "3788c68def67ca7949e0864c27638d484389363d",
        "type": "github"
      },
      "original": {
        "owner": "nixos",
        "repo": "nixpkgs",
        "type": "github"
      }
    },
    "nixpkgs_3": {
      "locked": {
        "lastModified": 1634782485,
        "narHash": "sha256-psfh4OQSokGXG0lpq3zKFbhOo3QfoeudRcaUnwMRkQo=",
        "path": "/nix/store/p53cz6rh27q40g9i0q98k3vfrz6lm12w-source",
        "rev": "34ad3ffe08adfca17fcb4e4a47bb5f3b113687be",
        "type": "path"
      },
      "original": {
        "id": "nixpkgs",
        "type": "indirect"
      }
    },
    "nixpkgs_4": {
      "locked": {
        "lastModified": 1672844754,
        "narHash": "sha256-o26WabuHABQsaHxxmIrR3AQRqDFUEdLckLXkVCpIjSU=",
        "owner": "NixOS",
        "repo": "nixpkgs",
        "rev": "e9ade2c8240e00a4784fac282a502efff2786bdc",
        "type": "github"
      },
      "original": {
        "owner": "NixOS",
        "ref": "nixos-22.11",
        "repo": "nixpkgs",
        "type": "github"
      }
    },
    "outdated": {
      "locked": {
        "lastModified": 1655034179,
        "narHash": "sha256-rf1/7AbzuYDw6+8Xvvf3PtEOygymLBrFsFxvext5ZjI=",
        "owner": "NixOS",
        "repo": "nixpkgs",
        "rev": "046ee4af7a9f016a364f8f78eeaa356ba524ac31",
        "type": "github"
      },
      "original": {
        "owner": "NixOS",
        "ref": "nixos-21.05",
        "repo": "nixpkgs",
        "type": "github"
      }
    },
    "root": {
      "inputs": {
        "bundlers": "bundlers",
        "flake-compat": "flake-compat",
        "flake-utils": "flake-utils_2",
        "nixGL-src": "nixGL-src",
        "nixpkgs": "nixpkgs_4",
        "outdated": "outdated",
        "weggli": "weggli"
      }
    },
    "weggli": {
      "flake": false,
      "locked": {
        "lastModified": 1634019457,
        "narHash": "sha256-5G+dXsb1Pl2c449QDx5LbzWnqVphcysI5iiwWEIdn3A=",
        "owner": "googleprojectzero",
        "repo": "weggli",
        "rev": "bb8e5fa95037fe99f14811bf6e1253ef5307adf1",
        "type": "github"
      },
      "original": {
        "owner": "googleprojectzero",
        "repo": "weggli",
        "type": "github"
      }
    }
  },
  "root": "root",
  "version": 7
}
